
Microsoft Visual Studio Solution File, Format Version 12.00
# Visual Studio 15
VisualStudioVersion = 15.0.27428.2043
MinimumVisualStudioVersion = 10.0.40219.1
Project("{9A19103F-16F7-4668-BE54-9A1E7A4F7556}") = "NetCore.FirstStep", "NetCore.FirstStep\NetCore.FirstStep.csproj", "{36EF803A-A63F-4027-A39D-365A3861888A}"
EndProject
Project("{9A19103F-16F7-4668-BE54-9A1E7A4F7556}") = "NetCore.FirstStep.Core", "NetCore.FirstStep.Core\NetCore.FirstStep.Core.csproj", "{1380D82A-4C09-406B-AA7E-A80A113E92E6}"
EndProject
Project("{9A19103F-16F7-4668-BE54-9A1E7A4F7556}") = "NetCore.FirstStep.Domain", "NetCore.FirstStep.Domain\NetCore.FirstStep.Domain.csproj", "{E6AB7D22-5A77-4409-9259-7E3F6C478E7C}"
EndProject
Project("{9A19103F-16F7-4668-BE54-9A1E7A4F7556}") = "NetCore.FirstStep.Business", "NetCore.FirstStep.Business\NetCore.FirstStep.Business.csproj", "{33FEB10D-FA1A-47CA-9C59-585AD50F177E}"
EndProject
Project("{9A19103F-16F7-4668-BE54-9A1E7A4F7556}") = "NetCore.FirstStep.Core.Web", "NetCore.FirstStep.Core.Web\NetCore.FirstStep.Core.Web.csproj", "{A291833E-E592-4725-B77F-16F6510243CF}"
EndProject
Project("{9A19103F-16F7-4668-BE54-9A1E7A4F7556}") = "NetCore.FirstStep.Business.Stub", "NetCore.FirstStep.Business.Stub\NetCore.FirstStep.Business.Stub.csproj", "{2C017D00-8E43-42FB-BB1C-D7E27BFE57F3}"
EndProject
Project("{9A19103F-16F7-4668-BE54-9A1E7A4F7556}") = "NetCore.FirstStep.Business.Mongo", "NetCore.FirstStep.Business.Mongo\NetCore.FirstStep.Business.Mongo.csproj", "{2C1787D5-7D5F-4F74-94C5-59933F136627}"
EndProject
Project("{2150E333-8FDC-42A3-9474-1A3956D46DE8}") = "App", "App", "{66DA8AC4-BC4C-4E1D-849D-FF2356D72F14}"
EndProject
Project("{2150E333-8FDC-42A3-9474-1A3956D46DE8}") = "Business", "Business", "{6568041A-115C-4C86-8F35-4738E6095EE2}"
EndProject
Project("{2150E333-8FDC-42A3-9474-1A3956D46DE8}") = "Core", "Core", "{348C8346-D749-4D9A-9F55-77DFD1D73B5D}"
EndProject
Project("{2150E333-8FDC-42A3-9474-1A3956D46DE8}") = "Domain", "Domain", "{8EDA2B67-115A-4F78-9317-0C33B04EA8FD}"
EndProject
Project("{2150E333-8FDC-42A3-9474-1A3956D46DE8}") = "Tests", "Tests", "{B717548D-89DE-4C53-BDCC-394863218DCD}"
EndProject
Project("{FAE04EC0-301F-11D3-BF4B-00C04F79EFBC}") = "NetCore.FirstStep.Testing", "NetCore.FirstStep.Testing\NetCore.FirstStep.Testing.csproj", "{83147C20-E727-478B-8FCB-2A381BEF8C6F}"
EndProject
Global
	GlobalSection(SolutionConfigurationPlatforms) = preSolution
		Debug|Any CPU = Debug|Any CPU
		Release|Any CPU = Release|Any CPU
	EndGlobalSection
	GlobalSection(ProjectConfigurationPlatforms) = postSolution
		{36EF803A-A63F-4027-A39D-365A3861888A}.Debug|Any CPU.ActiveCfg = Debug|Any CPU
		{36EF803A-A63F-4027-A39D-365A3861888A}.Debug|Any CPU.Build.0 = Debug|Any CPU
		{36EF803A-A63F-4027-A39D-365A3861888A}.Release|Any CPU.ActiveCfg = Release|Any CPU
		{36EF803A-A63F-4027-A39D-365A3861888A}.Release|Any CPU.Build.0 = Release|Any CPU
		{1380D82A-4C09-406B-AA7E-A80A113E92E6}.Debug|Any CPU.ActiveCfg = Debug|Any CPU
		{1380D82A-4C09-406B-AA7E-A80A113E92E6}.Debug|Any CPU.Build.0 = Debug|Any CPU
		{1380D82A-4C09-406B-AA7E-A80A113E92E6}.Release|Any CPU.ActiveCfg = Release|Any CPU
		{1380D82A-4C09-406B-AA7E-A80A113E92E6}.Release|Any CPU.Build.0 = Release|Any CPU
		{E6AB7D22-5A77-4409-9259-7E3F6C478E7C}.Debug|Any CPU.ActiveCfg = Debug|Any CPU
		{E6AB7D22-5A77-4409-9259-7E3F6C478E7C}.Debug|Any CPU.Build.0 = Debug|Any CPU
		{E6AB7D22-5A77-4409-9259-7E3F6C478E7C}.Release|Any CPU.ActiveCfg = Release|Any CPU
		{E6AB7D22-5A77-4409-9259-7E3F6C478E7C}.Release|Any CPU.Build.0 = Release|Any CPU
		{33FEB10D-FA1A-47CA-9C59-585AD50F177E}.Debug|Any CPU.ActiveCfg = Debug|Any CPU
		{33FEB10D-FA1A-47CA-9C59-585AD50F177E}.Debug|Any CPU.Build.0 = Debug|Any CPU
		{33FEB10D-FA1A-47CA-9C59-585AD50F177E}.Release|Any CPU.ActiveCfg = Release|Any CPU
		{33FEB10D-FA1A-47CA-9C59-585AD50F177E}.Release|Any CPU.Build.0 = Release|Any CPU
		{A291833E-E592-4725-B77F-16F6510243CF}.Debug|Any CPU.ActiveCfg = Debug|Any CPU
		{A291833E-E592-4725-B77F-16F6510243CF}.Debug|Any CPU.Build.0 = Debug|Any CPU
		{A291833E-E592-4725-B77F-16F6510243CF}.Release|Any CPU.ActiveCfg = Release|Any CPU
		{A291833E-E592-4725-B77F-16F6510243CF}.Release|Any CPU.Build.0 = Release|Any CPU
		{2C017D00-8E43-42FB-BB1C-D7E27BFE57F3}.Debug|Any CPU.ActiveCfg = Debug|Any CPU
		{2C017D00-8E43-42FB-BB1C-D7E27BFE57F3}.Debug|Any CPU.Build.0 = Debug|Any CPU
		{2C017D00-8E43-42FB-BB1C-D7E27BFE57F3}.Release|Any CPU.ActiveCfg = Release|Any CPU
		{2C017D00-8E43-42FB-BB1C-D7E27BFE57F3}.Release|Any CPU.Build.0 = Release|Any CPU
		{2C1787D5-7D5F-4F74-94C5-59933F136627}.Debug|Any CPU.ActiveCfg = Debug|Any CPU
		{2C1787D5-7D5F-4F74-94C5-59933F136627}.Debug|Any CPU.Build.0 = Debug|Any CPU
		{2C1787D5-7D5F-4F74-94C5-59933F136627}.Release|Any CPU.ActiveCfg = Release|Any CPU
		{2C1787D5-7D5F-4F74-94C5-59933F136627}.Release|Any CPU.Build.0 = Release|Any CPU
		{83147C20-E727-478B-8FCB-2A381BEF8C6F}.Debug|Any CPU.ActiveCfg = Debug|Any CPU
		{83147C20-E727-478B-8FCB-2A381BEF8C6F}.Debug|Any CPU.Build.0 = Debug|Any CPU
		{83147C20-E727-478B-8FCB-2A381BEF8C6F}.Release|Any CPU.ActiveCfg = Release|Any CPU
		{83147C20-E727-478B-8FCB-2A381BEF8C6F}.Release|Any CPU.Build.0 = Release|Any CPU
	EndGlobalSection
	GlobalSection(SolutionProperties) = preSolution
		HideSolutionNode = FALSE
	EndGlobalSection
	GlobalSection(NestedProjects) = preSolution
		{36EF803A-A63F-4027-A39D-365A3861888A} = {66DA8AC4-BC4C-4E1D-849D-FF2356D72F14}
		{1380D82A-4C09-406B-AA7E-A80A113E92E6} = {348C8346-D749-4D9A-9F55-77DFD1D73B5D}
		{E6AB7D22-5A77-4409-9259-7E3F6C478E7C} = {8EDA2B67-115A-4F78-9317-0C33B04EA8FD}
		{33FEB10D-FA1A-47CA-9C59-585AD50F177E} = {6568041A-115C-4C86-8F35-4738E6095EE2}
		{A291833E-E592-4725-B77F-16F6510243CF} = {348C8346-D749-4D9A-9F55-77DFD1D73B5D}
		{2C017D00-8E43-42FB-BB1C-D7E27BFE57F3} = {6568041A-115C-4C86-8F35-4738E6095EE2}
		{2C1787D5-7D5F-4F74-94C5-59933F136627} = {6568041A-115C-4C86-8F35-4738E6095EE2}
		{83147C20-E727-478B-8FCB-2A381BEF8C6F} = {B717548D-89DE-4C53-BDCC-394863218DCD}
	EndGlobalSection
	GlobalSection(ExtensibilityGlobals) = postSolution
		SolutionGuid = {2B046C46-1327-4E40-BC8E-47E286B89C72}
	EndGlobalSection
EndGlobal
